
Microsoft Visual Studio Solution File, Format Version 12.00
# Visual Studio Version 17
VisualStudioVersion = 17.0.31903.59
MinimumVisualStudioVersion = 10.0.40219.1
Project("{2150E333-8FDC-42A3-9474-1A3956D46DE8}") = "src", "src", "{AF19F574-8217-46D5-BABD-972D317AAF8A}"
EndProject
Project("{FAE04EC0-301F-11D3-BF4B-00C04F79EFBC}") = "IshTop.Domain", "src\IshTop.Domain\IshTop.Domain.csproj", "{3F6B30DC-C754-44EA-ACD7-357B9F585A6F}"
EndProject
Project("{FAE04EC0-301F-11D3-BF4B-00C04F79EFBC}") = "IshTop.Application", "src\IshTop.Application\IshTop.Application.csproj", "{85F1504A-D651-43D2-86BA-CC084AB57B2C}"
EndProject
Project("{FAE04EC0-301F-11D3-BF4B-00C04F79EFBC}") = "IshTop.Infrastructure", "src\IshTop.Infrastructure\IshTop.Infrastructure.csproj", "{A59FF59C-BF80-4C30-B2FE-BF6F1A8F9049}"
EndProject
Project("{FAE04EC0-301F-11D3-BF4B-00C04F79EFBC}") = "IshTop.Shared", "src\IshTop.Shared\IshTop.Shared.csproj", "{90273369-350A-4357-9DF4-0ABAFF0E2EDE}"
EndProject
Project("{FAE04EC0-301F-11D3-BF4B-00C04F79EFBC}") = "IshTop.Bot", "src\IshTop.Bot\IshTop.Bot.csproj", "{1B8451C7-8B78-41B7-A179-C10EDCBDD375}"
EndProject
Project("{FAE04EC0-301F-11D3-BF4B-00C04F79EFBC}") = "IshTop.Parser", "src\IshTop.Parser\IshTop.Parser.csproj", "{A4B56865-74B9-4C96-AD9E-95C5A493EF84}"
EndProject
Project("{FAE04EC0-301F-11D3-BF4B-00C04F79EFBC}") = "IshTop.Api", "src\IshTop.Api\IshTop.Api.csproj", "{1D2C472D-F30A-4C7A-9D84-892265E141E1}"
EndProject
Project("{2150E333-8FDC-42A3-9474-1A3956D46DE8}") = "tests", "tests", "{B0494DE2-0040-49C7-A552-5D22F380281D}"
EndProject
Project("{FAE04EC0-301F-11D3-BF4B-00C04F79EFBC}") = "IshTop.Domain.Tests", "tests\IshTop.Domain.Tests\IshTop.Domain.Tests.csproj", "{FA759756-F939-4577-B3B5-081B3D555CF0}"
EndProject
Project("{FAE04EC0-301F-11D3-BF4B-00C04F79EFBC}") = "IshTop.Application.Tests", "tests\IshTop.Application.Tests\IshTop.Application.Tests.csproj", "{B9E2DA0E-BA43-424C-AF2D-2F53172DFB9F}"
EndProject
Global
	GlobalSection(SolutionConfigurationPlatforms) = preSolution
		Debug|Any CPU = Debug|Any CPU
		Release|Any CPU = Release|Any CPU
	EndGlobalSection
	GlobalSection(SolutionProperties) = preSolution
		HideSolutionNode = FALSE
	EndGlobalSection
	GlobalSection(ProjectConfigurationPlatforms) = postSolution
		{3F6B30DC-C754-44EA-ACD7-357B9F585A6F}.Debug|Any CPU.ActiveCfg = Debug|Any CPU
		{3F6B30DC-C754-44EA-ACD7-357B9F585A6F}.Debug|Any CPU.Build.0 = Debug|Any CPU
		{3F6B30DC-C754-44EA-ACD7-357B9F585A6F}.Release|Any CPU.ActiveCfg = Release|Any CPU
		{3F6B30DC-C754-44EA-ACD7-357B9F585A6F}.Release|Any CPU.Build.0 = Release|Any CPU
		{85F1504A-D651-43D2-86BA-CC084AB57B2C}.Debug|Any CPU.ActiveCfg = Debug|Any CPU
		{85F1504A-D651-43D2-86BA-CC084AB57B2C}.Debug|Any CPU.Build.0 = Debug|Any CPU
		{85F1504A-D651-43D2-86BA-CC084AB57B2C}.Release|Any CPU.ActiveCfg = Release|Any CPU
		{85F1504A-D651-43D2-86BA-CC084AB57B2C}.Release|Any CPU.Build.0 = Release|Any CPU
		{A59FF59C-BF80-4C30-B2FE-BF6F1A8F9049}.Debug|Any CPU.ActiveCfg = Debug|Any CPU
		{A59FF59C-BF80-4C30-B2FE-BF6F1A8F9049}.Debug|Any CPU.Build.0 = Debug|Any CPU
		{A59FF59C-BF80-4C30-B2FE-BF6F1A8F9049}.Release|Any CPU.ActiveCfg = Release|Any CPU
		{A59FF59C-BF80-4C30-B2FE-BF6F1A8F9049}.Release|Any CPU.Build.0 = Release|Any CPU
		{90273369-350A-4357-9DF4-0ABAFF0E2EDE}.Debug|Any CPU.ActiveCfg = Debug|Any CPU
		{90273369-350A-4357-9DF4-0ABAFF0E2EDE}.Debug|Any CPU.Build.0 = Debug|Any CPU
		{90273369-350A-4357-9DF4-0ABAFF0E2EDE}.Release|Any CPU.ActiveCfg = Release|Any CPU
		{90273369-350A-4357-9DF4-0ABAFF0E2EDE}.Release|Any CPU.Build.0 = Release|Any CPU
		{1B8451C7-8B78-41B7-A179-C10EDCBDD375}.Debug|Any CPU.ActiveCfg = Debug|Any CPU
		{1B8451C7-8B78-41B7-A179-C10EDCBDD375}.Debug|Any CPU.Build.0 = Debug|Any CPU
		{1B8451C7-8B78-41B7-A179-C10EDCBDD375}.Release|Any CPU.ActiveCfg = Release|Any CPU
		{1B8451C7-8B78-41B7-A179-C10EDCBDD375}.Release|Any CPU.Build.0 = Release|Any CPU
		{A4B56865-74B9-4C96-AD9E-95C5A493EF84}.Debug|Any CPU.ActiveCfg = Debug|Any CPU
		{A4B56865-74B9-4C96-AD9E-95C5A493EF84}.Debug|Any CPU.Build.0 = Debug|Any CPU
		{A4B56865-74B9-4C96-AD9E-95C5A493EF84}.Release|Any CPU.ActiveCfg = Release|Any CPU
		{A4B56865-74B9-4C96-AD9E-95C5A493EF84}.Release|Any CPU.Build.0 = Release|Any CPU
		{1D2C472D-F30A-4C7A-9D84-892265E141E1}.Debug|Any CPU.ActiveCfg = Debug|Any CPU
		{1D2C472D-F30A-4C7A-9D84-892265E141E1}.Debug|Any CPU.Build.0 = Debug|Any CPU
		{1D2C472D-F30A-4C7A-9D84-892265E141E1}.Release|Any CPU.ActiveCfg = Release|Any CPU
		{1D2C472D-F30A-4C7A-9D84-892265E141E1}.Release|Any CPU.Build.0 = Release|Any CPU
		{FA759756-F939-4577-B3B5-081B3D555CF0}.Debug|Any CPU.ActiveCfg = Debug|Any CPU
		{FA759756-F939-4577-B3B5-081B3D555CF0}.Debug|Any CPU.Build.0 = Debug|Any CPU
		{FA759756-F939-4577-B3B5-081B3D555CF0}.Release|Any CPU.ActiveCfg = Release|Any CPU
		{FA759756-F939-4577-B3B5-081B3D555CF0}.Release|Any CPU.Build.0 = Release|Any CPU
		{B9E2DA0E-BA43-424C-AF2D-2F53172DFB9F}.Debug|Any CPU.ActiveCfg = Debug|Any CPU
		{B9E2DA0E-BA43-424C-AF2D-2F53172DFB9F}.Debug|Any CPU.Build.0 = Debug|Any CPU
		{B9E2DA0E-BA43-424C-AF2D-2F53172DFB9F}.Release|Any CPU.ActiveCfg = Release|Any CPU
		{B9E2DA0E-BA43-424C-AF2D-2F53172DFB9F}.Release|Any CPU.Build.0 = Release|Any CPU
	EndGlobalSection
	GlobalSection(NestedProjects) = preSolution
		{3F6B30DC-C754-44EA-ACD7-357B9F585A6F} = {AF19F574-8217-46D5-BABD-972D317AAF8A}
		{85F1504A-D651-43D2-86BA-CC084AB57B2C} = {AF19F574-8217-46D5-BABD-972D317AAF8A}
		{A59FF59C-BF80-4C30-B2FE-BF6F1A8F9049} = {AF19F574-8217-46D5-BABD-972D317AAF8A}
		{90273369-350A-4357-9DF4-0ABAFF0E2EDE} = {AF19F574-8217-46D5-BABD-972D317AAF8A}
		{1B8451C7-8B78-41B7-A179-C10EDCBDD375} = {AF19F574-8217-46D5-BABD-972D317AAF8A}
		{A4B56865-74B9-4C96-AD9E-95C5A493EF84} = {AF19F574-8217-46D5-BABD-972D317AAF8A}
		{1D2C472D-F30A-4C7A-9D84-892265E141E1} = {AF19F574-8217-46D5-BABD-972D317AAF8A}
		{FA759756-F939-4577-B3B5-081B3D555CF0} = {B0494DE2-0040-49C7-A552-5D22F380281D}
		{B9E2DA0E-BA43-424C-AF2D-2F53172DFB9F} = {B0494DE2-0040-49C7-A552-5D22F380281D}
	EndGlobalSection
EndGlobal
